
Microsoft Visual Studio Solution File, Format Version 12.00
# Visual Studio Version 17
VisualStudioVersion = 17.0.32014.148
MinimumVisualStudioVersion = 10.0.40219.1
Project("{9A19103F-16F7-4668-BE54-9A1E7A4F7556}") = "MessageSender", "MessageSender\MessageSender.csproj", "{80EF2151-5513-420A-A940-D880499830DA}"
	ProjectSection(ProjectDependencies) = postProject
		{C14299A3-0B60-43CF-8222-FCB08E491148} = {C14299A3-0B60-43CF-8222-FCB08E491148}
	EndProjectSection
EndProject
Project("{9A19103F-16F7-4668-BE54-9A1E7A4F7556}") = "MessageReceiver", "MessageReceiver\MessageReceiver.csproj", "{C23DAB43-B1E6-4E1F-AF22-F3A8C2AD1AFB}"
	ProjectSection(ProjectDependencies) = postProject
		{C14299A3-0B60-43CF-8222-FCB08E491148} = {C14299A3-0B60-43CF-8222-FCB08E491148}
	EndProjectSection
EndProject
Project("{9A19103F-16F7-4668-BE54-9A1E7A4F7556}") = "Shared", "Shared\Shared.csproj", "{C14299A3-0B60-43CF-8222-FCB08E491148}"
EndProject
Project("{9A19103F-16F7-4668-BE54-9A1E7A4F7556}") = "ManageServiceBus", "ManageServiceBus\ManageServiceBus.csproj", "{4F73BB94-8302-43DB-811D-BD6626B1C626}"
EndProject
Global
	GlobalSection(SolutionConfigurationPlatforms) = preSolution
		Debug|Any CPU = Debug|Any CPU
		Release|Any CPU = Release|Any CPU
	EndGlobalSection
	GlobalSection(ProjectConfigurationPlatforms) = postSolution
		{80EF2151-5513-420A-A940-D880499830DA}.Debug|Any CPU.ActiveCfg = Debug|Any CPU
		{80EF2151-5513-420A-A940-D880499830DA}.Debug|Any CPU.Build.0 = Debug|Any CPU
		{80EF2151-5513-420A-A940-D880499830DA}.Release|Any CPU.ActiveCfg = Release|Any CPU
		{80EF2151-5513-420A-A940-D880499830DA}.Release|Any CPU.Build.0 = Release|Any CPU
		{C23DAB43-B1E6-4E1F-AF22-F3A8C2AD1AFB}.Debug|Any CPU.ActiveCfg = Debug|Any CPU
		{C23DAB43-B1E6-4E1F-AF22-F3A8C2AD1AFB}.Debug|Any CPU.Build.0 = Debug|Any CPU
		{C23DAB43-B1E6-4E1F-AF22-F3A8C2AD1AFB}.Release|Any CPU.ActiveCfg = Release|Any CPU
		{C23DAB43-B1E6-4E1F-AF22-F3A8C2AD1AFB}.Release|Any CPU.Build.0 = Release|Any CPU
		{C14299A3-0B60-43CF-8222-FCB08E491148}.Debug|Any CPU.ActiveCfg = Debug|Any CPU
		{C14299A3-0B60-43CF-8222-FCB08E491148}.Debug|Any CPU.Build.0 = Debug|Any CPU
		{C14299A3-0B60-43CF-8222-FCB08E491148}.Release|Any CPU.ActiveCfg = Release|Any CPU
		{C14299A3-0B60-43CF-8222-FCB08E491148}.Release|Any CPU.Build.0 = Release|Any CPU
		{4F73BB94-8302-43DB-811D-BD6626B1C626}.Debug|Any CPU.ActiveCfg = Debug|Any CPU
		{4F73BB94-8302-43DB-811D-BD6626B1C626}.Debug|Any CPU.Build.0 = Debug|Any CPU
		{4F73BB94-8302-43DB-811D-BD6626B1C626}.Release|Any CPU.ActiveCfg = Release|Any CPU
		{4F73BB94-8302-43DB-811D-BD6626B1C626}.Release|Any CPU.Build.0 = Release|Any CPU
	EndGlobalSection
	GlobalSection(SolutionProperties) = preSolution
		HideSolutionNode = FALSE
	EndGlobalSection
	GlobalSection(ExtensibilityGlobals) = postSolution
		SolutionGuid = {D0D9901F-4838-4571-8BF7-806E1B7384FD}
	EndGlobalSection
EndGlobal
